
Microsoft Visual Studio Solution File, Format Version 12.00
# Visual Studio Version 17
VisualStudioVersion = 17.6.33829.357
MinimumVisualStudioVersion = 10.0.40219.1
Project("{FAE04EC0-301F-11D3-BF4B-00C04F79EFBC}") = "1-Captcha", "1-Captcha.csproj", "{C97EEFA2-3C3B-49EB-80E8-BE1712303EE0}"
EndProject
Global
	GlobalSection(SolutionConfigurationPlatforms) = preSolution
		Debug|Any CPU = Debug|Any CPU
		Release|Any CPU = Release|Any CPU
	EndGlobalSection
	GlobalSection(ProjectConfigurationPlatforms) = postSolution
		{C97EEFA2-3C3B-49EB-80E8-BE1712303EE0}.Debug|Any CPU.ActiveCfg = Debug|Any CPU
		{C97EEFA2-3C3B-49EB-80E8-BE1712303EE0}.Debug|Any CPU.Build.0 = Debug|Any CPU
		{C97EEFA2-3C3B-49EB-80E8-BE1712303EE0}.Release|Any CPU.ActiveCfg = Release|Any CPU
		{C97EEFA2-3C3B-49EB-80E8-BE1712303EE0}.Release|Any CPU.Build.0 = Release|Any CPU
	EndGlobalSection
	GlobalSection(SolutionProperties) = preSolution
		HideSolutionNode = FALSE
	EndGlobalSection
	GlobalSection(ExtensibilityGlobals) = postSolution
		SolutionGuid = {2C76DC35-A58C-46D3-85D6-D88F4267BC02}
	EndGlobalSection
EndGlobal
